
Microsoft Visual Studio Solution File, Format Version 12.00
# Visual Studio 15
VisualStudioVersion = 15.0.27004.2005
MinimumVisualStudioVersion = 10.0.40219.1
Project("{FAE04EC0-301F-11D3-BF4B-00C04F79EFBC}") = "OnlineShop", "OnlineShop\OnlineShop.csproj", "{D55CCCD2-EED0-4FCF-9310-DF16B2084A28}"
EndProject
Project("{FAE04EC0-301F-11D3-BF4B-00C04F79EFBC}") = "OnlineShop.DAL", "OnlineShop.DAL\OnlineShop.DAL.csproj", "{E86C8324-E662-4884-B863-36F18DFE1AF5}"
EndProject
Global
	GlobalSection(SolutionConfigurationPlatforms) = preSolution
		Debug|Any CPU = Debug|Any CPU
		Release|Any CPU = Release|Any CPU
	EndGlobalSection
	GlobalSection(ProjectConfigurationPlatforms) = postSolution
		{D55CCCD2-EED0-4FCF-9310-DF16B2084A28}.Debug|Any CPU.ActiveCfg = Debug|Any CPU
		{D55CCCD2-EED0-4FCF-9310-DF16B2084A28}.Debug|Any CPU.Build.0 = Debug|Any CPU
		{D55CCCD2-EED0-4FCF-9310-DF16B2084A28}.Release|Any CPU.ActiveCfg = Release|Any CPU
		{D55CCCD2-EED0-4FCF-9310-DF16B2084A28}.Release|Any CPU.Build.0 = Release|Any CPU
		{E86C8324-E662-4884-B863-36F18DFE1AF5}.Debug|Any CPU.ActiveCfg = Debug|Any CPU
		{E86C8324-E662-4884-B863-36F18DFE1AF5}.Debug|Any CPU.Build.0 = Debug|Any CPU
		{E86C8324-E662-4884-B863-36F18DFE1AF5}.Release|Any CPU.ActiveCfg = Release|Any CPU
		{E86C8324-E662-4884-B863-36F18DFE1AF5}.Release|Any CPU.Build.0 = Release|Any CPU
	EndGlobalSection
	GlobalSection(SolutionProperties) = preSolution
		HideSolutionNode = FALSE
	EndGlobalSection
	GlobalSection(ExtensibilityGlobals) = postSolution
		SolutionGuid = {6CF20597-3052-4A58-9078-275BFC7C54AB}
	EndGlobalSection
EndGlobal
